name: "05250lock"
aliases: ["05250lock"]
description: "Ransomware"
url: "/05250lock"
source_name: "MISP Galaxy"
source_attribution: "Data sourced from MISP Galaxy threat-actor cluster (CC0 licensed)"
provenance:
  misp_galaxy:
    source_cluster: "ransomware.json"
    source_clusters: ["ransomware.json"]
    source_dataset_url: "https://raw.githubusercontent.com/MISP/misp-galaxy/main/clusters/ransomware.json"
    source_record_id: "cdcf2ad5-afc3-4b7c-8d03-839e54538858"
    source_record_ids: ["cdcf2ad5-afc3-4b7c-8d03-839e54538858"]
    source_retrieved_at: "2026-05-17T06:18:28Z"
