name: "BadBlock"
aliases: ["BadBlock"]
description: "Ransomware"
url: "/badblock"
source_name: "MISP Galaxy"
source_attribution: "Data sourced from MISP Galaxy threat-actor cluster (CC0 licensed)"
provenance:
  misp_galaxy:
    meta_keys: ["payment-method","price","ransomnotes-filenames","refs"]
    source_cluster: "ransomware.json"
    source_clusters: ["ransomware.json"]
    source_dataset_url: "https://raw.githubusercontent.com/MISP/misp-galaxy/main/clusters/ransomware.json"
    source_record_id: "f1a30552-21c1-46be-8b5f-64bd62b03d35"
    source_record_ids: ["f1a30552-21c1-46be-8b5f-64bd62b03d35"]
    source_retrieved_at: "2026-05-10T06:02:51Z"
