name: "Biglock"
aliases: ["Biglock"]
description: "ransomware"
url: "/biglock"
source_name: "MISP Galaxy"
source_attribution: "Data sourced from MISP Galaxy threat-actor cluster (CC0 licensed)"
provenance:
  misp_galaxy:
    source_cluster: "ransomware.json"
    source_clusters: ["ransomware.json"]
    source_dataset_url: "https://raw.githubusercontent.com/MISP/misp-galaxy/main/clusters/ransomware.json"
    source_record_id: "a65bde28-b74c-4ec5-ae20-01cbe101b025"
    source_record_ids: ["a65bde28-b74c-4ec5-ae20-01cbe101b025"]
    source_retrieved_at: "2026-05-06T22:01:13Z"
