name: "Clock"
aliases: ["Clock"]
description: "Ransomware Does not encrypt anything"
url: "/clock"
source_name: "MISP Galaxy"
source_attribution: "Data sourced from MISP Galaxy threat-actor cluster (CC0 licensed)"
provenance:
  misp_galaxy:
    meta_keys: ["payment-method","price","refs"]
    source_cluster: "ransomware.json"
    source_clusters: ["ransomware.json"]
    source_dataset_url: "https://raw.githubusercontent.com/MISP/misp-galaxy/main/clusters/ransomware.json"
    source_record_id: "af3b3bbb-b54d-49d0-8e58-e9c56762a96b"
    source_record_ids: ["af3b3bbb-b54d-49d0-8e58-e9c56762a96b"]
    source_retrieved_at: "2026-05-10T06:02:51Z"
