name: "crosslock"
aliases: ["crosslock"]
description: "CrossLock ransomware was first observed in April 2023, targeting an IT services firm in Brazil using a double‑extortion approach—encrypting data and threatening to leak it publicly. Written in Go, it uses a hybrid encryption scheme combining ChaCha20 for file encryption with Curve25519 for key protection. Victims see their files renamed with the .crlk extension and ransom notes titled ---CrossLock_readme_To_Decrypt---.txt. The malware includes advanced techniques like Event Tracing for Windows (ETW) bypass and process mimicking (e.g., Cybereason processes) for stealth. It was publicly tracked until July 2023, after which activity (and its leak site) went offline."
url: "/crosslock"
source_name: "MISP Galaxy"
source_attribution: "Data sourced from MISP Galaxy threat-actor cluster (CC0 licensed)"
malware:
  - name: "CyberGate"
  - name: "Cyber Eye RAT"
  - name: "Windows Remote Desktop"
  - name: "CrossRat"
provenance:
  misp_galaxy:
    meta_keys: ["TTP","links","refs"]
    source_cluster: "ransomware.json"
    source_clusters: ["ransomware.json"]
    source_dataset_url: "https://raw.githubusercontent.com/MISP/misp-galaxy/main/clusters/ransomware.json"
    source_record_id: "e203cc8c-6df9-5561-b7f3-ab65ee4a8e6b"
    source_record_ids: ["e203cc8c-6df9-5561-b7f3-ab65ee4a8e6b"]
    source_retrieved_at: "2026-05-06T22:01:13Z"
