name: "CryptoMix-Tastylock"
aliases: ["Tastylock CryptoMix","CryptoMix-Tastylock"]
description: "Ransomware"
url: "/cryptomix-tastylock"
source_name: "MISP Galaxy"
source_attribution: "Data sourced from MISP Galaxy threat-actor cluster (CC0 licensed)"
provenance:
  misp_galaxy:
    meta_keys: ["synonyms"]
    source_cluster: "ransomware.json"
    source_clusters: ["ransomware.json"]
    source_dataset_url: "https://raw.githubusercontent.com/MISP/misp-galaxy/main/clusters/ransomware.json"
    source_record_id: "d8fcab2d-f80c-4165-88f5-db29f7aa1087"
    source_record_ids: ["d8fcab2d-f80c-4165-88f5-db29f7aa1087"]
    source_retrieved_at: "2026-05-17T06:18:28Z"
