name: "FrozrLock"
aliases: ["FrozrLock"]
description: "ransomware"
url: "/frozrlock"
source_name: "MISP Galaxy"
source_attribution: "Data sourced from MISP Galaxy threat-actor cluster (CC0 licensed)"
provenance:
  misp_galaxy:
    source_cluster: "ransomware.json"
    source_clusters: ["ransomware.json"]
    source_dataset_url: "https://raw.githubusercontent.com/MISP/misp-galaxy/main/clusters/ransomware.json"
    source_record_id: "61c215e0-835b-488a-8e82-94da05871b80"
    source_record_ids: ["61c215e0-835b-488a-8e82-94da05871b80"]
    source_retrieved_at: "2026-05-17T06:18:28Z"
