name: "Interlock"
aliases: ["Interlock"]
description: "Interlock is an active extortion or ransomware group tracked by RansomLook."
url: "/interlock"
last_updated: "2026-04-28"
source_name: "RansomLook"
source_attribution: "Contains data derived from RansomLook, used under CC BY 4.0. Source: https://www.ransomlook.io/"
source_record_url: "https://www.ransomlook.io/group/interlock"
source_license: "CC BY 4.0"
source_license_url: "https://creativecommons.org/licenses/by/4.0/"
provenance:
  ransomware_tool_matrix:
    references:
      - title: "www.cisa.gov"
        url: "https://www.cisa.gov/news-events/cybersecurity-advisories/aa25-203a"
        date: "22 July 2025"
        source_file: "GroupProfiles/Interlock.md"
      - title: "blog.talosintelligence.com"
        url: "https://blog.talosintelligence.com/emerging-interlock-ransomware/"
        date: "7 November 2024"
        source_file: "GroupProfiles/Interlock.md"
    source_attribution: "Tool observations were reviewed from the BushidoUK Ransomware Tool Matrix (https://github.com/BushidoUK/Ransomware-Tool-Matrix). The matrix is used here as a secondary ransomware tradecraft reference, not as sole attribution evidence."
    source_dataset_url: "https://api.github.com/repos/BushidoUK/Ransomware-Tool-Matrix/git/trees/main?recursive=1"
    source_files: ["GroupProfiles/Interlock.md","ThreatIntel/CISAThreatGroups.md","ThreatIntel/ExtraThreatIntel.md","Tools/DefenseEvasion.md","Tools/DiscoveryEnum.md","Tools/Exfiltration.md","Tools/LOLBAS.md","Tools/Networking.md","Tools/Offsec.md","Tools/RMM-Tools.md"]
    source_label: "Interlock"
    source_repository: "https://github.com/BushidoUK/Ransomware-Tool-Matrix"
    source_retrieved_at: "2026-04-28T01:51:36Z"
    tools_by_category:
      Defense Evasion: ["ProcessHacker","ThreatFire System Monitor driver","ThreatFire System Monitor driver (BYOVD)"]
      Discovery: ["Advanced Port Scanner","Azure Storage Explorer"]
      Exfiltration: ["AZCopy","WinSCP"]
      LOLBAS: ["PsExec"]
      Networking: ["PuTTY"]
      OffSec: ["Cobalt Strike"]
      RMM Tools: ["AnyDesk","ScreenConnect"]
  source_dataset_url: "https://www.ransomlook.io/api/groups"
  source_record_id: "interlock"
  source_retrieved_at: "2026-04-26T02:08:56Z"
  source_transforms: ["normalized-name","deduplicated-aliases","omitted-volatile-iocs","adapted-for-threatactor-info"]
