name: "RansomLock"
aliases: ["RansomLock"]
description: "Ransomware Locks the desktop"
url: "/ransomlock"
source_name: "MISP Galaxy"
source_attribution: "Data sourced from MISP Galaxy threat-actor cluster (CC0 licensed)"
malware:
  - name: "DesktopNow"
provenance:
  misp_galaxy:
    meta_keys: ["encryption","payment-method","price","refs"]
    source_cluster: "ransomware.json"
    source_clusters: ["ransomware.json"]
    source_dataset_url: "https://raw.githubusercontent.com/MISP/misp-galaxy/main/clusters/ransomware.json"
    source_record_id: "24f98123-192c-4e31-b2ee-4c77afbdc3be"
    source_record_ids: ["24f98123-192c-4e31-b2ee-4c77afbdc3be"]
    source_retrieved_at: "2026-05-06T22:01:13Z"
