name: "RoshaLock"
aliases: ["RoshaLock"]
description: "Ransomware Stores your files in a password protected RAR file"
url: "/roshalock"
source_name: "MISP Galaxy"
source_attribution: "Data sourced from MISP Galaxy threat-actor cluster (CC0 licensed)"
provenance:
  misp_galaxy:
    meta_keys: ["payment-method","price","refs"]
    source_cluster: "ransomware.json"
    source_clusters: ["ransomware.json"]
    source_dataset_url: "https://raw.githubusercontent.com/MISP/misp-galaxy/main/clusters/ransomware.json"
    source_record_id: "e88a7509-9c79-42c1-8b0c-5e63af8e25b5"
    source_record_ids: ["e88a7509-9c79-42c1-8b0c-5e63af8e25b5"]
    source_retrieved_at: "2026-05-17T06:18:28Z"
