name: "Unknown Lock"
aliases: ["Unknown Lock"]
description: "ransomware"
url: "/unknown-lock"
source_name: "MISP Galaxy"
source_attribution: "Data sourced from MISP Galaxy threat-actor cluster (CC0 licensed)"
provenance:
  misp_galaxy:
    source_cluster: "ransomware.json"
    source_clusters: ["ransomware.json"]
    source_dataset_url: "https://raw.githubusercontent.com/MISP/misp-galaxy/main/clusters/ransomware.json"
    source_record_id: "348fda47-e254-479e-b702-ebefda3f490d"
    source_record_ids: ["348fda47-e254-479e-b702-ebefda3f490d"]
    source_retrieved_at: "2026-05-17T06:18:29Z"
