name: "Virlock"
aliases: ["NSMF","Virlock"]
description: "Ransomware Polymorphism / Self-replication"
url: "/virlock"
source_name: "MISP Galaxy"
source_attribution: "Data sourced from MISP Galaxy threat-actor cluster (CC0 licensed)"
provenance:
  misp_galaxy:
    meta_keys: ["extensions","payment-method","price","refs","synonyms"]
    source_cluster: "ransomware.json"
    source_clusters: ["ransomware.json"]
    source_dataset_url: "https://raw.githubusercontent.com/MISP/misp-galaxy/main/clusters/ransomware.json"
    source_record_id: "5c736959-6c58-4bf2-b084-7197b42e500a"
    source_record_ids: ["5c736959-6c58-4bf2-b084-7197b42e500a"]
    source_retrieved_at: "2026-05-06T22:01:13Z"
